
Microsoft Visual Studio Solution File, Format Version 12.00
# Visual Studio Version 17
VisualStudioVersion = 17.10.35122.118
MinimumVisualStudioVersion = 10.0.40219.1
Project("{FAE04EC0-301F-11D3-BF4B-00C04F79EFBC}") = "DummyScript", "DummyScript\DummyScript.csproj", "{4BCECF15-EC79-4265-A39C-16A447B8DD20}"
EndProject
Global
	GlobalSection(SolutionConfigurationPlatforms) = preSolution
		Debug|Any CPU = Debug|Any CPU
		Release|Any CPU = Release|Any CPU
	EndGlobalSection
	GlobalSection(ProjectConfigurationPlatforms) = postSolution
		{4BCECF15-EC79-4265-A39C-16A447B8DD20}.Debug|Any CPU.ActiveCfg = Debug|Any CPU
		{4BCECF15-EC79-4265-A39C-16A447B8DD20}.Debug|Any CPU.Build.0 = Debug|Any CPU
		{4BCECF15-EC79-4265-A39C-16A447B8DD20}.Release|Any CPU.ActiveCfg = Release|Any CPU
		{4BCECF15-EC79-4265-A39C-16A447B8DD20}.Release|Any CPU.Build.0 = Release|Any CPU
	EndGlobalSection
	GlobalSection(SolutionProperties) = preSolution
		HideSolutionNode = FALSE
	EndGlobalSection
	GlobalSection(ExtensibilityGlobals) = postSolution
		SolutionGuid = {2A727A44-C6AB-4C71-B718-FD95BF876F8F}
	EndGlobalSection
EndGlobal
